
Microsoft Visual Studio Solution File, Format Version 12.00
# Visual Studio Version 16
VisualStudioVersion = 16.0.28922.388
MinimumVisualStudioVersion = 10.0.40219.1
Project("{9A19103F-16F7-4668-BE54-9A1E7A4F7556}") = "BV.PACS.Server", "BV.PACS.Server\BV.PACS.Server.csproj", "{67C2523F-2293-4ADE-98AA-AC6F3064AC10}"
EndProject
Project("{9A19103F-16F7-4668-BE54-9A1E7A4F7556}") = "BV.PACS.Client", "BV.PACS.Client\BV.PACS.Client.csproj", "{17591EF0-576C-4907-AA02-25979CF4B0DD}"
EndProject
Project("{9A19103F-16F7-4668-BE54-9A1E7A4F7556}") = "BV.PACS.Shared", "BV.PACS.Shared\BV.PACS.Shared.csproj", "{D49DA87F-8892-4568-B48E-D889F8067E77}"
EndProject
Project("{FAE04EC0-301F-11D3-BF4B-00C04F79EFBC}") = "BV.PACS.Tests", "BV.PACS.Tests\BV.PACS.Tests.csproj", "{706A1E10-1BB4-4CAE-8CBB-86955A8FDD13}"
EndProject
Global
	GlobalSection(SolutionConfigurationPlatforms) = preSolution
		Debug|Any CPU = Debug|Any CPU
		Release|Any CPU = Release|Any CPU
	EndGlobalSection
	GlobalSection(ProjectConfigurationPlatforms) = postSolution
		{67C2523F-2293-4ADE-98AA-AC6F3064AC10}.Debug|Any CPU.ActiveCfg = Debug|Any CPU
		{67C2523F-2293-4ADE-98AA-AC6F3064AC10}.Debug|Any CPU.Build.0 = Debug|Any CPU
		{67C2523F-2293-4ADE-98AA-AC6F3064AC10}.Release|Any CPU.ActiveCfg = Release|Any CPU
		{67C2523F-2293-4ADE-98AA-AC6F3064AC10}.Release|Any CPU.Build.0 = Release|Any CPU
		{17591EF0-576C-4907-AA02-25979CF4B0DD}.Debug|Any CPU.ActiveCfg = Debug|Any CPU
		{17591EF0-576C-4907-AA02-25979CF4B0DD}.Debug|Any CPU.Build.0 = Debug|Any CPU
		{17591EF0-576C-4907-AA02-25979CF4B0DD}.Release|Any CPU.ActiveCfg = Release|Any CPU
		{17591EF0-576C-4907-AA02-25979CF4B0DD}.Release|Any CPU.Build.0 = Release|Any CPU
		{D49DA87F-8892-4568-B48E-D889F8067E77}.Debug|Any CPU.ActiveCfg = Debug|Any CPU
		{D49DA87F-8892-4568-B48E-D889F8067E77}.Debug|Any CPU.Build.0 = Debug|Any CPU
		{D49DA87F-8892-4568-B48E-D889F8067E77}.Release|Any CPU.ActiveCfg = Release|Any CPU
		{D49DA87F-8892-4568-B48E-D889F8067E77}.Release|Any CPU.Build.0 = Release|Any CPU
		{706A1E10-1BB4-4CAE-8CBB-86955A8FDD13}.Debug|Any CPU.ActiveCfg = Debug|Any CPU
		{706A1E10-1BB4-4CAE-8CBB-86955A8FDD13}.Debug|Any CPU.Build.0 = Debug|Any CPU
		{706A1E10-1BB4-4CAE-8CBB-86955A8FDD13}.Release|Any CPU.ActiveCfg = Release|Any CPU
		{706A1E10-1BB4-4CAE-8CBB-86955A8FDD13}.Release|Any CPU.Build.0 = Release|Any CPU
	EndGlobalSection
	GlobalSection(SolutionProperties) = preSolution
		HideSolutionNode = FALSE
	EndGlobalSection
	GlobalSection(ExtensibilityGlobals) = postSolution
		SolutionGuid = {C21EB4C8-6D9B-4822-A9AA-6BF97713004B}
	EndGlobalSection
EndGlobal
