
Microsoft Visual Studio Solution File, Format Version 12.00
# Visual Studio Version 16
VisualStudioVersion = 16.0.29021.104
MinimumVisualStudioVersion = 10.0.40219.1
Project("{9A19103F-16F7-4668-BE54-9A1E7A4F7556}") = "BV.PACS.Server", "BV.PACS.Server\BV.PACS.Server.csproj", "{29EF63DF-F547-4AC5-8749-3277C89E29A1}"
EndProject
Project("{9A19103F-16F7-4668-BE54-9A1E7A4F7556}") = "BV.PACS.Client", "BV.PACS.Client\BV.PACS.Client.csproj", "{6D3A46EB-F841-4B4A-8004-903A62BF8B76}"
EndProject
Project("{9A19103F-16F7-4668-BE54-9A1E7A4F7556}") = "BV.PACS.Shared", "BV.PACS.Shared\BV.PACS.Shared.csproj", "{226A0172-78C5-4090-B518-B97EF74B7F53}"
EndProject
Project("{9A19103F-16F7-4668-BE54-9A1E7A4F7556}") = "BV.PACS.Tests", "BV.PACS.Tests\BV.PACS.Tests.csproj", "{6C8C9E26-9C95-4B49-B4B6-E93D7BB60C88}"
EndProject
Global
	GlobalSection(SolutionConfigurationPlatforms) = preSolution
		Debug|Any CPU = Debug|Any CPU
		Release|Any CPU = Release|Any CPU
	EndGlobalSection
	GlobalSection(ProjectConfigurationPlatforms) = postSolution
		{29EF63DF-F547-4AC5-8749-3277C89E29A1}.Debug|Any CPU.ActiveCfg = Debug|Any CPU
		{29EF63DF-F547-4AC5-8749-3277C89E29A1}.Debug|Any CPU.Build.0 = Debug|Any CPU
		{29EF63DF-F547-4AC5-8749-3277C89E29A1}.Release|Any CPU.ActiveCfg = Release|Any CPU
		{29EF63DF-F547-4AC5-8749-3277C89E29A1}.Release|Any CPU.Build.0 = Release|Any CPU
		{6D3A46EB-F841-4B4A-8004-903A62BF8B76}.Debug|Any CPU.ActiveCfg = Debug|Any CPU
		{6D3A46EB-F841-4B4A-8004-903A62BF8B76}.Debug|Any CPU.Build.0 = Debug|Any CPU
		{6D3A46EB-F841-4B4A-8004-903A62BF8B76}.Release|Any CPU.ActiveCfg = Release|Any CPU
		{6D3A46EB-F841-4B4A-8004-903A62BF8B76}.Release|Any CPU.Build.0 = Release|Any CPU
		{226A0172-78C5-4090-B518-B97EF74B7F53}.Debug|Any CPU.ActiveCfg = Debug|Any CPU
		{226A0172-78C5-4090-B518-B97EF74B7F53}.Debug|Any CPU.Build.0 = Debug|Any CPU
		{226A0172-78C5-4090-B518-B97EF74B7F53}.Release|Any CPU.ActiveCfg = Release|Any CPU
		{226A0172-78C5-4090-B518-B97EF74B7F53}.Release|Any CPU.Build.0 = Release|Any CPU
		{6C8C9E26-9C95-4B49-B4B6-E93D7BB60C88}.Debug|Any CPU.ActiveCfg = Debug|Any CPU
		{6C8C9E26-9C95-4B49-B4B6-E93D7BB60C88}.Debug|Any CPU.Build.0 = Debug|Any CPU
		{6C8C9E26-9C95-4B49-B4B6-E93D7BB60C88}.Release|Any CPU.ActiveCfg = Release|Any CPU
		{6C8C9E26-9C95-4B49-B4B6-E93D7BB60C88}.Release|Any CPU.Build.0 = Release|Any CPU
	EndGlobalSection
	GlobalSection(SolutionProperties) = preSolution
		HideSolutionNode = FALSE
	EndGlobalSection
	GlobalSection(ExtensibilityGlobals) = postSolution
		SolutionGuid = {DED1D1B3-C8BF-4774-8EEA-B8D2BB0B11E3}
	EndGlobalSection
EndGlobal
